// !$*UTF8*$!
{
	archiveVersion = 1;
	classes = {
	};
	objectVersion = 46;
	objects = {

/* Begin PBXBuildFile section */
		C7198BCA16C4AFDB00EE952D /* UIKit.framework in Frameworks */ = {isa = PBXBuildFile; fileRef = C7198BC916C4AFDB00EE952D /* UIKit.framework */; };
		C7198BCC16C4AFDB00EE952D /* Foundation.framework in Frameworks */ = {isa = PBXBuildFile; fileRef = C7198BCB16C4AFDB00EE952D /* Foundation.framework */; };
		C7198BCE16C4AFDB00EE952D /* CoreGraphics.framework in Frameworks */ = {isa = PBXBuildFile; fileRef = C7198BCD16C4AFDB00EE952D /* CoreGraphics.framework */; };
		C7198BD416C4AFDB00EE952D /* InfoPlist.strings in Resources */ = {isa = PBXBuildFile; fileRef = C7198BD216C4AFDB00EE952D /* InfoPlist.strings */; };
		C7198BD616C4AFDB00EE952D /* main.m in Sources */ = {isa = PBXBuildFile; fileRef = C7198BD516C4AFDB00EE952D /* main.m */; };
		C7198BDA16C4AFDB00EE952D /* CLAppDelegate.m in Sources */ = {isa = PBXBuildFile; fileRef = C7198BD916C4AFDB00EE952D /* CLAppDelegate.m */; };
		C7198BDC16C4AFDB00EE952D /* Default.png in Resources */ = {isa = PBXBuildFile; fileRef = C7198BDB16C4AFDB00EE952D /* Default.png */; };
		C7198BDE16C4AFDB00EE952D /* Default@2x.png in Resources */ = {isa = PBXBuildFile; fileRef = C7198BDD16C4AFDB00EE952D /* Default@2x.png */; };
		C7198BE016C4AFDB00EE952D /* Default-568h@2x.png in Resources */ = {isa = PBXBuildFile; fileRef = C7198BDF16C4AFDB00EE952D /* Default-568h@2x.png */; };
		C7198BE816C4B01600EE952D /* CLPinterestViewController.m in Sources */ = {isa = PBXBuildFile; fileRef = C7198BE716C4B01600EE952D /* CLPinterestViewController.m */; };
/* End PBXBuildFile section */

/* Begin PBXFileReference section */
		C7198BC616C4AFDB00EE952D /* PinterestTable.app */ = {isa = PBXFileReference; explicitFileType = wrapper.application; includeInIndex = 0; path = PinterestTable.app; sourceTree = BUILT_PRODUCTS_DIR; };
		C7198BC916C4AFDB00EE952D /* UIKit.framework */ = {isa = PBXFileReference; lastKnownFileType = wrapper.framework; name = UIKit.framework; path = System/Library/Frameworks/UIKit.framework; sourceTree = SDKROOT; };
		C7198BCB16C4AFDB00EE952D /* Foundation.framework */ = {isa = PBXFileReference; lastKnownFileType = wrapper.framework; name = Foundation.framework; path = System/Library/Frameworks/Foundation.framework; sourceTree = SDKROOT; };
		C7198BCD16C4AFDB00EE952D /* CoreGraphics.framework */ = {isa = PBXFileReference; lastKnownFileType = wrapper.framework; name = CoreGraphics.framework; path = System/Library/Frameworks/CoreGraphics.framework; sourceTree = SDKROOT; };
		C7198BD116C4AFDB00EE952D /* PinterestTable-Info.plist */ = {isa = PBXFileReference; lastKnownFileType = text.plist.xml; path = "PinterestTable-Info.plist"; sourceTree = "<group>"; };
		C7198BD316C4AFDB00EE952D /* en */ = {isa = PBXFileReference; lastKnownFileType = text.plist.strings; name = en; path = en.lproj/InfoPlist.strings; sourceTree = "<group>"; };
		C7198BD516C4AFDB00EE952D /* main.m */ = {isa = PBXFileReference; lastKnownFileType = sourcecode.c.objc; path = main.m; sourceTree = "<group>"; };
		C7198BD716C4AFDB00EE952D /* PinterestTable-Prefix.pch */ = {isa = PBXFileReference; lastKnownFileType = sourcecode.c.h; path = "PinterestTable-Prefix.pch"; sourceTree = "<group>"; };
		C7198BD816C4AFDB00EE952D /* CLAppDelegate.h */ = {isa = PBXFileReference; lastKnownFileType = sourcecode.c.h; path = CLAppDelegate.h; sourceTree = "<group>"; };
		C7198BD916C4AFDB00EE952D /* CLAppDelegate.m */ = {isa = PBXFileReference; lastKnownFileType = sourcecode.c.objc; path = CLAppDelegate.m; sourceTree = "<group>"; };
		C7198BDB16C4AFDB00EE952D /* Default.png */ = {isa = PBXFileReference; lastKnownFileType = image.png; path = Default.png; sourceTree = "<group>"; };
		C7198BDD16C4AFDB00EE952D /* Default@2x.png */ = {isa = PBXFileReference; lastKnownFileType = image.png; path = "Default@2x.png"; sourceTree = "<group>"; };
		C7198BDF16C4AFDB00EE952D /* Default-568h@2x.png */ = {isa = PBXFileReference; lastKnownFileType = image.png; path = "Default-568h@2x.png"; sourceTree = "<group>"; };
		C7198BE616C4B01600EE952D /* CLPinterestViewController.h */ = {isa = PBXFileReference; fileEncoding = 4; lastKnownFileType = sourcecode.c.h; path = CLPinterestViewController.h; sourceTree = "<group>"; };
		C7198BE716C4B01600EE952D /* CLPinterestViewController.m */ = {isa = PBXFileReference; fileEncoding = 4; lastKnownFileType = sourcecode.c.objc; path = CLPinterestViewController.m; sourceTree = "<group>"; };
/* End PBXFileReference section */

/* Begin PBXFrameworksBuildPhase section */
		C7198BC316C4AFDB00EE952D /* Frameworks */ = {
			isa = PBXFrameworksBuildPhase;
			buildActionMask = 2147483647;
			files = (
				C7198BCA16C4AFDB00EE952D /* UIKit.framework in Frameworks */,
				C7198BCC16C4AFDB00EE952D /* Foundation.framework in Frameworks */,
				C7198BCE16C4AFDB00EE952D /* CoreGraphics.framework in Frameworks */,
			);
			runOnlyForDeploymentPostprocessing = 0;
		};
/* End PBXFrameworksBuildPhase section */

/* Begin PBXGroup section */
		C7198BBD16C4AFDB00EE952D = {
			isa = PBXGroup;
			children = (
				C7198BCF16C4AFDB00EE952D /* PinterestTable */,
				C7198BC816C4AFDB00EE952D /* Frameworks */,
				C7198BC716C4AFDB00EE952D /* Products */,
			);
			sourceTree = "<group>";
		};
		C7198BC716C4AFDB00EE952D /* Products */ = {
			isa = PBXGroup;
			children = (
				C7198BC616C4AFDB00EE952D /* PinterestTable.app */,
			);
			name = Products;
			sourceTree = "<group>";
		};
		C7198BC816C4AFDB00EE952D /* Frameworks */ = {
			isa = PBXGroup;
			children = (
				C7198BC916C4AFDB00EE952D /* UIKit.framework */,
				C7198BCB16C4AFDB00EE952D /* Foundation.framework */,
				C7198BCD16C4AFDB00EE952D /* CoreGraphics.framework */,
			);
			name = Frameworks;
			sourceTree = "<group>";
		};
		C7198BCF16C4AFDB00EE952D /* PinterestTable */ = {
			isa = PBXGroup;
			children = (
				C7198BE616C4B01600EE952D /* CLPinterestViewController.h */,
				C7198BE716C4B01600EE952D /* CLPinterestViewController.m */,
				C7198BD816C4AFDB00EE952D /* CLAppDelegate.h */,
				C7198BD916C4AFDB00EE952D /* CLAppDelegate.m */,
				C7198BD016C4AFDB00EE952D /* Supporting Files */,
			);
			path = PinterestTable;
			sourceTree = "<group>";
		};
		C7198BD016C4AFDB00EE952D /* Supporting Files */ = {
			isa = PBXGroup;
			children = (
				C7198BD116C4AFDB00EE952D /* PinterestTable-Info.plist */,
				C7198BD216C4AFDB00EE952D /* InfoPlist.strings */,
				C7198BD516C4AFDB00EE952D /* main.m */,
				C7198BD716C4AFDB00EE952D /* PinterestTable-Prefix.pch */,
				C7198BDB16C4AFDB00EE952D /* Default.png */,
				C7198BDD16C4AFDB00EE952D /* Default@2x.png */,
				C7198BDF16C4AFDB00EE952D /* Default-568h@2x.png */,
			);
			name = "Supporting Files";
			sourceTree = "<group>";
		};
/* End PBXGroup section */

/* Begin PBXNativeTarget section */
		C7198BC516C4AFDB00EE952D /* PinterestTable */ = {
			isa = PBXNativeTarget;
			buildConfigurationList = C7198BE316C4AFDB00EE952D /* Build configuration list for PBXNativeTarget "PinterestTable" */;
			buildPhases = (
				C7198BC216C4AFDB00EE952D /* Sources */,
				C7198BC316C4AFDB00EE952D /* Frameworks */,
				C7198BC416C4AFDB00EE952D /* Resources */,
			);
			buildRules = (
			);
			dependencies = (
			);
			name = PinterestTable;
			productName = PinterestTable;
			productReference = C7198BC616C4AFDB00EE952D /* PinterestTable.app */;
			productType = "com.apple.product-type.application";
		};
/* End PBXNativeTarget section */

/* Begin PBXProject section */
		C7198BBE16C4AFDB00EE952D /* Project object */ = {
			isa = PBXProject;
			attributes = {
				CLASSPREFIX = CL;
				LastUpgradeCheck = 0460;
				ORGANIZATIONNAME = "Darcy Liu";
			};
			buildConfigurationList = C7198BC116C4AFDB00EE952D /* Build configuration list for PBXProject "PinterestTable" */;
			compatibilityVersion = "Xcode 3.2";
			developmentRegion = English;
			hasScannedForEncodings = 0;
			knownRegions = (
				en,
			);
			mainGroup = C7198BBD16C4AFDB00EE952D;
			productRefGroup = C7198BC716C4AFDB00EE952D /* Products */;
			projectDirPath = "";
			projectRoot = "";
			targets = (
				C7198BC516C4AFDB00EE952D /* PinterestTable */,
			);
		};
/* End PBXProject section */

/* Begin PBXResourcesBuildPhase section */
		C7198BC416C4AFDB00EE952D /* Resources */ = {
			isa = PBXResourcesBuildPhase;
			buildActionMask = 2147483647;
			files = (
				C7198BD416C4AFDB00EE952D /* InfoPlist.strings in Resources */,
				C7198BDC16C4AFDB00EE952D /* Default.png in Resources */,
				C7198BDE16C4AFDB00EE952D /* Default@2x.png in Resources */,
				C7198BE016C4AFDB00EE952D /* Default-568h@2x.png in Resources */,
			);
			runOnlyForDeploymentPostprocessing = 0;
		};
/* End PBXResourcesBuildPhase section */

/* Begin PBXSourcesBuildPhase section */
		C7198BC216C4AFDB00EE952D /* Sources */ = {
			isa = PBXSourcesBuildPhase;
			buildActionMask = 2147483647;
			files = (
				C7198BD616C4AFDB00EE952D /* main.m in Sources */,
				C7198BDA16C4AFDB00EE952D /* CLAppDelegate.m in Sources */,
				C7198BE816C4B01600EE952D /* CLPinterestViewController.m in Sources */,
			);
			runOnlyForDeploymentPostprocessing = 0;
		};
/* End PBXSourcesBuildPhase section */

/* Begin PBXVariantGroup section */
		C7198BD216C4AFDB00EE952D /* InfoPlist.strings */ = {
			isa = PBXVariantGroup;
			children = (
				C7198BD316C4AFDB00EE952D /* en */,
			);
			name = InfoPlist.strings;
			sourceTree = "<group>";
		};
/* End PBXVariantGroup section */

/* Begin XCBuildConfiguration section */
		C7198BE116C4AFDB00EE952D /* Debug */ = {
			isa = XCBuildConfiguration;
			buildSettings = {
				ALWAYS_SEARCH_USER_PATHS = NO;
				CLANG_CXX_LANGUAGE_STANDARD = "gnu++0x";
				CLANG_CXX_LIBRARY = "libc++";
				CLANG_WARN_CONSTANT_CONVERSION = YES;
				CLANG_WARN_EMPTY_BODY = YES;
				CLANG_WARN_ENUM_CONVERSION = YES;
				CLANG_WARN_INT_CONVERSION = YES;
				CLANG_WARN__DUPLICATE_METHOD_MATCH = YES;
				"CODE_SIGN_IDENTITY[sdk=iphoneos*]" = "iPhone Developer";
				COPY_PHASE_STRIP = NO;
				GCC_C_LANGUAGE_STANDARD = gnu99;
				GCC_DYNAMIC_NO_PIC = NO;
				GCC_OPTIMIZATION_LEVEL = 0;
				GCC_PREPROCESSOR_DEFINITIONS = (
					"DEBUG=1",
					"$(inherited)",
				);
				GCC_SYMBOLS_PRIVATE_EXTERN = NO;
				GCC_WARN_ABOUT_RETURN_TYPE = YES;
				GCC_WARN_UNINITIALIZED_AUTOS = YES;
				GCC_WARN_UNUSED_VARIABLE = YES;
				IPHONEOS_DEPLOYMENT_TARGET = 6.1;
				ONLY_ACTIVE_ARCH = YES;
				SDKROOT = iphoneos;
				TARGETED_DEVICE_FAMILY = "1,2";
			};
			name = Debug;
		};
		C7198BE216C4AFDB00EE952D /* Release */ = {
			isa = XCBuildConfiguration;
			buildSettings = {
				ALWAYS_SEARCH_USER_PATHS = NO;
				CLANG_CXX_LANGUAGE_STANDARD = "gnu++0x";
				CLANG_CXX_LIBRARY = "libc++";
				CLANG_WARN_CONSTANT_CONVERSION = YES;
				CLANG_WARN_EMPTY_BODY = YES;
				CLANG_WARN_ENUM_CONVERSION = YES;
				CLANG_WARN_INT_CONVERSION = YES;
				CLANG_WARN__DUPLICATE_METHOD_MATCH = YES;
				"CODE_SIGN_IDENTITY[sdk=iphoneos*]" = "iPhone Developer";
				COPY_PHASE_STRIP = YES;
				GCC_C_LANGUAGE_STANDARD = gnu99;
				GCC_WARN_ABOUT_RETURN_TYPE = YES;
				GCC_WARN_UNINITIALIZED_AUTOS = YES;
				GCC_WARN_UNUSED_VARIABLE = YES;
				IPHONEOS_DEPLOYMENT_TARGET = 6.1;
				OTHER_CFLAGS = "-DNS_BLOCK_ASSERTIONS=1";
				SDKROOT = iphoneos;
				TARGETED_DEVICE_FAMILY = "1,2";
				VALIDATE_PRODUCT = YES;
			};
			name = Release;
		};
		C7198BE416C4AFDB00EE952D /* Debug */ = {
			isa = XCBuildConfiguration;
			buildSettings = {
				GCC_PRECOMPILE_PREFIX_HEADER = YES;
				GCC_PREFIX_HEADER = "PinterestTable/PinterestTable-Prefix.pch";
				INFOPLIST_FILE = "PinterestTable/PinterestTable-Info.plist";
				PRODUCT_NAME = "$(TARGET_NAME)";
				WRAPPER_EXTENSION = app;
			};
			name = Debug;
		};
		C7198BE516C4AFDB00EE952D /* Release */ = {
			isa = XCBuildConfiguration;
			buildSettings = {
				GCC_PRECOMPILE_PREFIX_HEADER = YES;
				GCC_PREFIX_HEADER = "PinterestTable/PinterestTable-Prefix.pch";
				INFOPLIST_FILE = "PinterestTable/PinterestTable-Info.plist";
				PRODUCT_NAME = "$(TARGET_NAME)";
				WRAPPER_EXTENSION = app;
			};
			name = Release;
		};
/* End XCBuildConfiguration section */

/* Begin XCConfigurationList section */
		C7198BC116C4AFDB00EE952D /* Build configuration list for PBXProject "PinterestTable" */ = {
			isa = XCConfigurationList;
			buildConfigurations = (
				C7198BE116C4AFDB00EE952D /* Debug */,
				C7198BE216C4AFDB00EE952D /* Release */,
			);
			defaultConfigurationIsVisible = 0;
			defaultConfigurationName = Release;
		};
		C7198BE316C4AFDB00EE952D /* Build configuration list for PBXNativeTarget "PinterestTable" */ = {
			isa = XCConfigurationList;
			buildConfigurations = (
				C7198BE416C4AFDB00EE952D /* Debug */,
				C7198BE516C4AFDB00EE952D /* Release */,
			);
			defaultConfigurationIsVisible = 0;
		};
/* End XCConfigurationList section */
	};
	rootObject = C7198BBE16C4AFDB00EE952D /* Project object */;
}
